
Microsoft Visual Studio Solution File, Format Version 12.00
# Visual Studio Version 17
VisualStudioVersion = 17.0.32014.148
MinimumVisualStudioVersion = 10.0.40219.1
Project("{FAE04EC0-301F-11D3-BF4B-00C04F79EFBC}") = "Automarket", "Automarket\Automarket.csproj", "{0BFA684E-356A-4F4A-99B2-7DEFBE617A1C}"
EndProject
Project("{2150E333-8FDC-42A3-9474-1A3956D46DE8}") = "Domain", "Domain", "{A158ECFE-4BB6-4642-8625-1273F759174D}"
EndProject
Project("{FAE04EC0-301F-11D3-BF4B-00C04F79EFBC}") = "Automarket.Domain", "Automarket.Domain\Automarket.Domain.csproj", "{48589266-CCD4-460E-9E46-5B04EFF65686}"
EndProject
Global
	GlobalSection(SolutionConfigurationPlatforms) = preSolution
		Debug|Any CPU = Debug|Any CPU
		Release|Any CPU = Release|Any CPU
	EndGlobalSection
	GlobalSection(ProjectConfigurationPlatforms) = postSolution
		{0BFA684E-356A-4F4A-99B2-7DEFBE617A1C}.Debug|Any CPU.ActiveCfg = Debug|Any CPU
		{0BFA684E-356A-4F4A-99B2-7DEFBE617A1C}.Debug|Any CPU.Build.0 = Debug|Any CPU
		{0BFA684E-356A-4F4A-99B2-7DEFBE617A1C}.Release|Any CPU.ActiveCfg = Release|Any CPU
		{0BFA684E-356A-4F4A-99B2-7DEFBE617A1C}.Release|Any CPU.Build.0 = Release|Any CPU
		{48589266-CCD4-460E-9E46-5B04EFF65686}.Debug|Any CPU.ActiveCfg = Debug|Any CPU
		{48589266-CCD4-460E-9E46-5B04EFF65686}.Debug|Any CPU.Build.0 = Debug|Any CPU
		{48589266-CCD4-460E-9E46-5B04EFF65686}.Release|Any CPU.ActiveCfg = Release|Any CPU
		{48589266-CCD4-460E-9E46-5B04EFF65686}.Release|Any CPU.Build.0 = Release|Any CPU
	EndGlobalSection
	GlobalSection(SolutionProperties) = preSolution
		HideSolutionNode = FALSE
	EndGlobalSection
	GlobalSection(NestedProjects) = preSolution
		{48589266-CCD4-460E-9E46-5B04EFF65686} = {A158ECFE-4BB6-4642-8625-1273F759174D}
	EndGlobalSection
	GlobalSection(ExtensibilityGlobals) = postSolution
		SolutionGuid = {28851C0C-C0F7-48CD-BDC5-A00F3E8B1B79}
	EndGlobalSection
EndGlobal
