
Microsoft Visual Studio Solution File, Format Version 12.00
# Visual Studio Version 17
VisualStudioVersion = 17.0.32014.148
MinimumVisualStudioVersion = 10.0.40219.1
Project("{9A19103F-16F7-4668-BE54-9A1E7A4F7556}") = "Automarket", "Automarket\Automarket.csproj", "{0BFA684E-356A-4F4A-99B2-7DEFBE617A1C}"
EndProject
Project("{2150E333-8FDC-42A3-9474-1A3956D46DE8}") = "Domain", "Domain", "{A158ECFE-4BB6-4642-8625-1273F759174D}"
EndProject
Project("{9A19103F-16F7-4668-BE54-9A1E7A4F7556}") = "Automarket.Domain", "Automarket.Domain\Automarket.Domain.csproj", "{48589266-CCD4-460E-9E46-5B04EFF65686}"
EndProject
Project("{2150E333-8FDC-42A3-9474-1A3956D46DE8}") = "DAL", "DAL", "{A37951E7-A55E-4DE5-88F1-FC456B9F960A}"
EndProject
Project("{9A19103F-16F7-4668-BE54-9A1E7A4F7556}") = "Automarket.DAL", "Automarket.DAL\Automarket.DAL.csproj", "{4025BB2F-C46E-4D9E-8730-46739C48410A}"
EndProject
Project("{2150E333-8FDC-42A3-9474-1A3956D46DE8}") = "Services", "Services", "{9BB16E76-0636-4E31-AEDC-E59B7A3B24EE}"
EndProject
Project("{FAE04EC0-301F-11D3-BF4B-00C04F79EFBC}") = "Automarket.Service", "Automarket.Service\Automarket.Service.csproj", "{92FB837A-6B1B-4107-B94C-C6CCE22838B2}"
EndProject
Global
	GlobalSection(SolutionConfigurationPlatforms) = preSolution
		Debug|Any CPU = Debug|Any CPU
		Release|Any CPU = Release|Any CPU
	EndGlobalSection
	GlobalSection(ProjectConfigurationPlatforms) = postSolution
		{0BFA684E-356A-4F4A-99B2-7DEFBE617A1C}.Debug|Any CPU.ActiveCfg = Debug|Any CPU
		{0BFA684E-356A-4F4A-99B2-7DEFBE617A1C}.Debug|Any CPU.Build.0 = Debug|Any CPU
		{0BFA684E-356A-4F4A-99B2-7DEFBE617A1C}.Release|Any CPU.ActiveCfg = Release|Any CPU
		{0BFA684E-356A-4F4A-99B2-7DEFBE617A1C}.Release|Any CPU.Build.0 = Release|Any CPU
		{48589266-CCD4-460E-9E46-5B04EFF65686}.Debug|Any CPU.ActiveCfg = Debug|Any CPU
		{48589266-CCD4-460E-9E46-5B04EFF65686}.Debug|Any CPU.Build.0 = Debug|Any CPU
		{48589266-CCD4-460E-9E46-5B04EFF65686}.Release|Any CPU.ActiveCfg = Release|Any CPU
		{48589266-CCD4-460E-9E46-5B04EFF65686}.Release|Any CPU.Build.0 = Release|Any CPU
		{4025BB2F-C46E-4D9E-8730-46739C48410A}.Debug|Any CPU.ActiveCfg = Debug|Any CPU
		{4025BB2F-C46E-4D9E-8730-46739C48410A}.Debug|Any CPU.Build.0 = Debug|Any CPU
		{4025BB2F-C46E-4D9E-8730-46739C48410A}.Release|Any CPU.ActiveCfg = Release|Any CPU
		{4025BB2F-C46E-4D9E-8730-46739C48410A}.Release|Any CPU.Build.0 = Release|Any CPU
		{92FB837A-6B1B-4107-B94C-C6CCE22838B2}.Debug|Any CPU.ActiveCfg = Debug|Any CPU
		{92FB837A-6B1B-4107-B94C-C6CCE22838B2}.Debug|Any CPU.Build.0 = Debug|Any CPU
		{92FB837A-6B1B-4107-B94C-C6CCE22838B2}.Release|Any CPU.ActiveCfg = Release|Any CPU
		{92FB837A-6B1B-4107-B94C-C6CCE22838B2}.Release|Any CPU.Build.0 = Release|Any CPU
	EndGlobalSection
	GlobalSection(SolutionProperties) = preSolution
		HideSolutionNode = FALSE
	EndGlobalSection
	GlobalSection(NestedProjects) = preSolution
		{48589266-CCD4-460E-9E46-5B04EFF65686} = {A158ECFE-4BB6-4642-8625-1273F759174D}
		{4025BB2F-C46E-4D9E-8730-46739C48410A} = {A37951E7-A55E-4DE5-88F1-FC456B9F960A}
		{92FB837A-6B1B-4107-B94C-C6CCE22838B2} = {9BB16E76-0636-4E31-AEDC-E59B7A3B24EE}
	EndGlobalSection
	GlobalSection(ExtensibilityGlobals) = postSolution
		SolutionGuid = {28851C0C-C0F7-48CD-BDC5-A00F3E8B1B79}
	EndGlobalSection
EndGlobal
